
Microsoft Visual Studio Solution File, Format Version 12.00
# Visual Studio Version 17
VisualStudioVersion = 17.2.32630.192
MinimumVisualStudioVersion = 10.0.40219.1
Project("{8BC9CEB8-8B4A-11D0-8D11-00A0C91BC942}") = "30thSymphonyMania", "30thSymphonyMania.vcxproj", "{BEFA2245-665F-41D9-BC49-41A400990156}"
EndProject
Project("{8BC9CEB8-8B4A-11D0-8D11-00A0C91BC942}") = "ManiaModLoader", "mania-mod-loader\ManiaModLoader\ManiaModLoader.vcxproj", "{DAC43A3C-6A1A-4755-BDF7-C72FB7201965}"
EndProject
Global
	GlobalSection(SolutionConfigurationPlatforms) = preSolution
		Release|x86 = Release|x86
	EndGlobalSection
	GlobalSection(ProjectConfigurationPlatforms) = postSolution
		{BEFA2245-665F-41D9-BC49-41A400990156}.Release|x86.ActiveCfg = Release|Win32
		{BEFA2245-665F-41D9-BC49-41A400990156}.Release|x86.Build.0 = Release|Win32
		{DAC43A3C-6A1A-4755-BDF7-C72FB7201965}.Release|x86.ActiveCfg = Release|Win32
		{DAC43A3C-6A1A-4755-BDF7-C72FB7201965}.Release|x86.Build.0 = Release|Win32
	EndGlobalSection
	GlobalSection(SolutionProperties) = preSolution
		HideSolutionNode = FALSE
	EndGlobalSection
	GlobalSection(ExtensibilityGlobals) = postSolution
		SolutionGuid = {A524A88A-EEC1-467D-8D23-0D6D677CA8E0}
	EndGlobalSection
EndGlobal
